// !$*UTF8*$!
{
	archiveVersion = 1;
	classes = {
	};
	objectVersion = 46;
	objects = {

/* Begin PBXBuildFile section */
		270E51091B053A05001CDF3C /* main.m in Sources */ = {isa = PBXBuildFile; fileRef = 270E51081B053A05001CDF3C /* main.m */; };
		270E510C1B053A05001CDF3C /* AppDelegate.m in Sources */ = {isa = PBXBuildFile; fileRef = 270E510B1B053A05001CDF3C /* AppDelegate.m */; };
		270E510F1B053A05001CDF3C /* ViewController.m in Sources */ = {isa = PBXBuildFile; fileRef = 270E510E1B053A05001CDF3C /* ViewController.m */; };
		270E51121B053A05001CDF3C /* Main.storyboard in Resources */ = {isa = PBXBuildFile; fileRef = 270E51101B053A05001CDF3C /* Main.storyboard */; };
		270E51141B053A05001CDF3C /* Images.xcassets in Resources */ = {isa = PBXBuildFile; fileRef = 270E51131B053A05001CDF3C /* Images.xcassets */; };
		270E51171B053A05001CDF3C /* LaunchScreen.xib in Resources */ = {isa = PBXBuildFile; fileRef = 270E51151B053A05001CDF3C /* LaunchScreen.xib */; };
		270E51231B053A06001CDF3C /* Time_TrackerTests.m in Sources */ = {isa = PBXBuildFile; fileRef = 270E51221B053A06001CDF3C /* Time_TrackerTests.m */; };
		270E512E1B053F83001CDF3C /* MessageUI.framework in Frameworks */ = {isa = PBXBuildFile; fileRef = 270E512D1B053F83001CDF3C /* MessageUI.framework */; };
		270E51311B053FCC001CDF3C /* ListViewController.m in Sources */ = {isa = PBXBuildFile; fileRef = 270E51301B053FCC001CDF3C /* ListViewController.m */; };
		270E51341B05405E001CDF3C /* ListTableViewDataSource.m in Sources */ = {isa = PBXBuildFile; fileRef = 270E51331B05405E001CDF3C /* ListTableViewDataSource.m */; };
/* End PBXBuildFile section */

/* Begin PBXContainerItemProxy section */
		270E511D1B053A06001CDF3C /* PBXContainerItemProxy */ = {
			isa = PBXContainerItemProxy;
			containerPortal = 270E50FB1B053A05001CDF3C /* Project object */;
			proxyType = 1;
			remoteGlobalIDString = 270E51021B053A05001CDF3C;
			remoteInfo = "Time Tracker";
		};
/* End PBXContainerItemProxy section */

/* Begin PBXFileReference section */
		270E51031B053A05001CDF3C /* Time Tracker.app */ = {isa = PBXFileReference; explicitFileType = wrapper.application; includeInIndex = 0; path = "Time Tracker.app"; sourceTree = BUILT_PRODUCTS_DIR; };
		270E51071B053A05001CDF3C /* Info.plist */ = {isa = PBXFileReference; lastKnownFileType = text.plist.xml; path = Info.plist; sourceTree = "<group>"; };
		270E51081B053A05001CDF3C /* main.m */ = {isa = PBXFileReference; lastKnownFileType = sourcecode.c.objc; path = main.m; sourceTree = "<group>"; };
		270E510A1B053A05001CDF3C /* AppDelegate.h */ = {isa = PBXFileReference; lastKnownFileType = sourcecode.c.h; path = AppDelegate.h; sourceTree = "<group>"; };
		270E510B1B053A05001CDF3C /* AppDelegate.m */ = {isa = PBXFileReference; lastKnownFileType = sourcecode.c.objc; path = AppDelegate.m; sourceTree = "<group>"; };
		270E510D1B053A05001CDF3C /* ViewController.h */ = {isa = PBXFileReference; lastKnownFileType = sourcecode.c.h; path = ViewController.h; sourceTree = "<group>"; };
		270E510E1B053A05001CDF3C /* ViewController.m */ = {isa = PBXFileReference; lastKnownFileType = sourcecode.c.objc; path = ViewController.m; sourceTree = "<group>"; };
		270E51111B053A05001CDF3C /* Base */ = {isa = PBXFileReference; lastKnownFileType = file.storyboard; name = Base; path = Base.lproj/Main.storyboard; sourceTree = "<group>"; };
		270E51131B053A05001CDF3C /* Images.xcassets */ = {isa = PBXFileReference; lastKnownFileType = folder.assetcatalog; path = Images.xcassets; sourceTree = "<group>"; };
		270E51161B053A05001CDF3C /* Base */ = {isa = PBXFileReference; lastKnownFileType = file.xib; name = Base; path = Base.lproj/LaunchScreen.xib; sourceTree = "<group>"; };
		270E511C1B053A06001CDF3C /* Time TrackerTests.xctest */ = {isa = PBXFileReference; explicitFileType = wrapper.cfbundle; includeInIndex = 0; path = "Time TrackerTests.xctest"; sourceTree = BUILT_PRODUCTS_DIR; };
		270E51211B053A06001CDF3C /* Info.plist */ = {isa = PBXFileReference; lastKnownFileType = text.plist.xml; path = Info.plist; sourceTree = "<group>"; };
		270E51221B053A06001CDF3C /* Time_TrackerTests.m */ = {isa = PBXFileReference; lastKnownFileType = sourcecode.c.objc; path = Time_TrackerTests.m; sourceTree = "<group>"; };
		270E512D1B053F83001CDF3C /* MessageUI.framework */ = {isa = PBXFileReference; lastKnownFileType = wrapper.framework; name = MessageUI.framework; path = System/Library/Frameworks/MessageUI.framework; sourceTree = SDKROOT; };
		270E512F1B053FCC001CDF3C /* ListViewController.h */ = {isa = PBXFileReference; fileEncoding = 4; lastKnownFileType = sourcecode.c.h; path = ListViewController.h; sourceTree = "<group>"; };
		270E51301B053FCC001CDF3C /* ListViewController.m */ = {isa = PBXFileReference; fileEncoding = 4; lastKnownFileType = sourcecode.c.objc; path = ListViewController.m; sourceTree = "<group>"; };
		270E51321B05405E001CDF3C /* ListTableViewDataSource.h */ = {isa = PBXFileReference; fileEncoding = 4; lastKnownFileType = sourcecode.c.h; path = ListTableViewDataSource.h; sourceTree = "<group>"; };
		270E51331B05405E001CDF3C /* ListTableViewDataSource.m */ = {isa = PBXFileReference; fileEncoding = 4; lastKnownFileType = sourcecode.c.objc; path = ListTableViewDataSource.m; sourceTree = "<group>"; };
/* End PBXFileReference section */

/* Begin PBXFrameworksBuildPhase section */
		270E51001B053A05001CDF3C /* Frameworks */ = {
			isa = PBXFrameworksBuildPhase;
			buildActionMask = 2147483647;
			files = (
				270E512E1B053F83001CDF3C /* MessageUI.framework in Frameworks */,
			);
			runOnlyForDeploymentPostprocessing = 0;
		};
		270E51191B053A06001CDF3C /* Frameworks */ = {
			isa = PBXFrameworksBuildPhase;
			buildActionMask = 2147483647;
			files = (
			);
			runOnlyForDeploymentPostprocessing = 0;
		};
/* End PBXFrameworksBuildPhase section */

/* Begin PBXGroup section */
		270E50FA1B053A05001CDF3C = {
			isa = PBXGroup;
			children = (
				270E512D1B053F83001CDF3C /* MessageUI.framework */,
				270E51051B053A05001CDF3C /* Time Tracker */,
				270E511F1B053A06001CDF3C /* Time TrackerTests */,
				270E51041B053A05001CDF3C /* Products */,
			);
			sourceTree = "<group>";
		};
		270E51041B053A05001CDF3C /* Products */ = {
			isa = PBXGroup;
			children = (
				270E51031B053A05001CDF3C /* Time Tracker.app */,
				270E511C1B053A06001CDF3C /* Time TrackerTests.xctest */,
			);
			name = Products;
			sourceTree = "<group>";
		};
		270E51051B053A05001CDF3C /* Time Tracker */ = {
			isa = PBXGroup;
			children = (
				270E510A1B053A05001CDF3C /* AppDelegate.h */,
				270E510B1B053A05001CDF3C /* AppDelegate.m */,
				270E510D1B053A05001CDF3C /* ViewController.h */,
				270E510E1B053A05001CDF3C /* ViewController.m */,
				270E512F1B053FCC001CDF3C /* ListViewController.h */,
				270E51301B053FCC001CDF3C /* ListViewController.m */,
				270E51321B05405E001CDF3C /* ListTableViewDataSource.h */,
				270E51331B05405E001CDF3C /* ListTableViewDataSource.m */,
				270E51101B053A05001CDF3C /* Main.storyboard */,
				270E51131B053A05001CDF3C /* Images.xcassets */,
				270E51151B053A05001CDF3C /* LaunchScreen.xib */,
				270E51061B053A05001CDF3C /* Supporting Files */,
			);
			path = "Time Tracker";
			sourceTree = "<group>";
		};
		270E51061B053A05001CDF3C /* Supporting Files */ = {
			isa = PBXGroup;
			children = (
				270E51071B053A05001CDF3C /* Info.plist */,
				270E51081B053A05001CDF3C /* main.m */,
			);
			name = "Supporting Files";
			sourceTree = "<group>";
		};
		270E511F1B053A06001CDF3C /* Time TrackerTests */ = {
			isa = PBXGroup;
			children = (
				270E51221B053A06001CDF3C /* Time_TrackerTests.m */,
				270E51201B053A06001CDF3C /* Supporting Files */,
			);
			path = "Time TrackerTests";
			sourceTree = "<group>";
		};
		270E51201B053A06001CDF3C /* Supporting Files */ = {
			isa = PBXGroup;
			children = (
				270E51211B053A06001CDF3C /* Info.plist */,
			);
			name = "Supporting Files";
			sourceTree = "<group>";
		};
/* End PBXGroup section */

/* Begin PBXNativeTarget section */
		270E51021B053A05001CDF3C /* Time Tracker */ = {
			isa = PBXNativeTarget;
			buildConfigurationList = 270E51261B053A06001CDF3C /* Build configuration list for PBXNativeTarget "Time Tracker" */;
			buildPhases = (
				270E50FF1B053A05001CDF3C /* Sources */,
				270E51001B053A05001CDF3C /* Frameworks */,
				270E51011B053A05001CDF3C /* Resources */,
			);
			buildRules = (
			);
			dependencies = (
			);
			name = "Time Tracker";
			productName = "Time Tracker";
			productReference = 270E51031B053A05001CDF3C /* Time Tracker.app */;
			productType = "com.apple.product-type.application";
		};
		270E511B1B053A06001CDF3C /* Time TrackerTests */ = {
			isa = PBXNativeTarget;
			buildConfigurationList = 270E51291B053A06001CDF3C /* Build configuration list for PBXNativeTarget "Time TrackerTests" */;
			buildPhases = (
				270E51181B053A06001CDF3C /* Sources */,
				270E51191B053A06001CDF3C /* Frameworks */,
				270E511A1B053A06001CDF3C /* Resources */,
			);
			buildRules = (
			);
			dependencies = (
				270E511E1B053A06001CDF3C /* PBXTargetDependency */,
			);
			name = "Time TrackerTests";
			productName = "Time TrackerTests";
			productReference = 270E511C1B053A06001CDF3C /* Time TrackerTests.xctest */;
			productType = "com.apple.product-type.bundle.unit-test";
		};
/* End PBXNativeTarget section */

/* Begin PBXProject section */
		270E50FB1B053A05001CDF3C /* Project object */ = {
			isa = PBXProject;
			attributes = {
				LastUpgradeCheck = 0630;
				ORGANIZATIONNAME = "Ethan Hess";
				TargetAttributes = {
					270E51021B053A05001CDF3C = {
						CreatedOnToolsVersion = 6.3.1;
					};
					270E511B1B053A06001CDF3C = {
						CreatedOnToolsVersion = 6.3.1;
						TestTargetID = 270E51021B053A05001CDF3C;
					};
				};
			};
			buildConfigurationList = 270E50FE1B053A05001CDF3C /* Build configuration list for PBXProject "Time Tracker" */;
			compatibilityVersion = "Xcode 3.2";
			developmentRegion = English;
			hasScannedForEncodings = 0;
			knownRegions = (
				en,
				Base,
			);
			mainGroup = 270E50FA1B053A05001CDF3C;
			productRefGroup = 270E51041B053A05001CDF3C /* Products */;
			projectDirPath = "";
			projectRoot = "";
			targets = (
				270E51021B053A05001CDF3C /* Time Tracker */,
				270E511B1B053A06001CDF3C /* Time TrackerTests */,
			);
		};
/* End PBXProject section */

/* Begin PBXResourcesBuildPhase section */
		270E51011B053A05001CDF3C /* Resources */ = {
			isa = PBXResourcesBuildPhase;
			buildActionMask = 2147483647;
			files = (
				270E51121B053A05001CDF3C /* Main.storyboard in Resources */,
				270E51171B053A05001CDF3C /* LaunchScreen.xib in Resources */,
				270E51141B053A05001CDF3C /* Images.xcassets in Resources */,
			);
			runOnlyForDeploymentPostprocessing = 0;
		};
		270E511A1B053A06001CDF3C /* Resources */ = {
			isa = PBXResourcesBuildPhase;
			buildActionMask = 2147483647;
			files = (
			);
			runOnlyForDeploymentPostprocessing = 0;
		};
/* End PBXResourcesBuildPhase section */

/* Begin PBXSourcesBuildPhase section */
		270E50FF1B053A05001CDF3C /* Sources */ = {
			isa = PBXSourcesBuildPhase;
			buildActionMask = 2147483647;
			files = (
				270E51341B05405E001CDF3C /* ListTableViewDataSource.m in Sources */,
				270E510F1B053A05001CDF3C /* ViewController.m in Sources */,
				270E510C1B053A05001CDF3C /* AppDelegate.m in Sources */,
				270E51311B053FCC001CDF3C /* ListViewController.m in Sources */,
				270E51091B053A05001CDF3C /* main.m in Sources */,
			);
			runOnlyForDeploymentPostprocessing = 0;
		};
		270E51181B053A06001CDF3C /* Sources */ = {
			isa = PBXSourcesBuildPhase;
			buildActionMask = 2147483647;
			files = (
				270E51231B053A06001CDF3C /* Time_TrackerTests.m in Sources */,
			);
			runOnlyForDeploymentPostprocessing = 0;
		};
/* End PBXSourcesBuildPhase section */

/* Begin PBXTargetDependency section */
		270E511E1B053A06001CDF3C /* PBXTargetDependency */ = {
			isa = PBXTargetDependency;
			target = 270E51021B053A05001CDF3C /* Time Tracker */;
			targetProxy = 270E511D1B053A06001CDF3C /* PBXContainerItemProxy */;
		};
/* End PBXTargetDependency section */

/* Begin PBXVariantGroup section */
		270E51101B053A05001CDF3C /* Main.storyboard */ = {
			isa = PBXVariantGroup;
			children = (
				270E51111B053A05001CDF3C /* Base */,
			);
			name = Main.storyboard;
			sourceTree = "<group>";
		};
		270E51151B053A05001CDF3C /* LaunchScreen.xib */ = {
			isa = PBXVariantGroup;
			children = (
				270E51161B053A05001CDF3C /* Base */,
			);
			name = LaunchScreen.xib;
			sourceTree = "<group>";
		};
/* End PBXVariantGroup section */

/* Begin XCBuildConfiguration section */
		270E51241B053A06001CDF3C /* Debug */ = {
			isa = XCBuildConfiguration;
			buildSettings = {
				ALWAYS_SEARCH_USER_PATHS = NO;
				CLANG_CXX_LANGUAGE_STANDARD = "gnu++0x";
				CLANG_CXX_LIBRARY = "libc++";
				CLANG_ENABLE_MODULES = YES;
				CLANG_ENABLE_OBJC_ARC = YES;
				CLANG_WARN_BOOL_CONVERSION = YES;
				CLANG_WARN_CONSTANT_CONVERSION = YES;
				CLANG_WARN_DIRECT_OBJC_ISA_USAGE = YES_ERROR;
				CLANG_WARN_EMPTY_BODY = YES;
				CLANG_WARN_ENUM_CONVERSION = YES;
				CLANG_WARN_INT_CONVERSION = YES;
				CLANG_WARN_OBJC_ROOT_CLASS = YES_ERROR;
				CLANG_WARN_UNREACHABLE_CODE = YES;
				CLANG_WARN__DUPLICATE_METHOD_MATCH = YES;
				"CODE_SIGN_IDENTITY[sdk=iphoneos*]" = "iPhone Developer";
				COPY_PHASE_STRIP = NO;
				DEBUG_INFORMATION_FORMAT = "dwarf-with-dsym";
				ENABLE_STRICT_OBJC_MSGSEND = YES;
				GCC_C_LANGUAGE_STANDARD = gnu99;
				GCC_DYNAMIC_NO_PIC = NO;
				GCC_NO_COMMON_BLOCKS = YES;
				GCC_OPTIMIZATION_LEVEL = 0;
				GCC_PREPROCESSOR_DEFINITIONS = (
					"DEBUG=1",
					"$(inherited)",
				);
				GCC_SYMBOLS_PRIVATE_EXTERN = NO;
				GCC_WARN_64_TO_32_BIT_CONVERSION = YES;
				GCC_WARN_ABOUT_RETURN_TYPE = YES_ERROR;
				GCC_WARN_UNDECLARED_SELECTOR = YES;
				GCC_WARN_UNINITIALIZED_AUTOS = YES_AGGRESSIVE;
				GCC_WARN_UNUSED_FUNCTION = YES;
				GCC_WARN_UNUSED_VARIABLE = YES;
				IPHONEOS_DEPLOYMENT_TARGET = 8.3;
				MTL_ENABLE_DEBUG_INFO = YES;
				ONLY_ACTIVE_ARCH = YES;
				SDKROOT = iphoneos;
				TARGETED_DEVICE_FAMILY = "1,2";
			};
			name = Debug;
		};
		270E51251B053A06001CDF3C /* Release */ = {
			isa = XCBuildConfiguration;
			buildSettings = {
				ALWAYS_SEARCH_USER_PATHS = NO;
				CLANG_CXX_LANGUAGE_STANDARD = "gnu++0x";
				CLANG_CXX_LIBRARY = "libc++";
				CLANG_ENABLE_MODULES = YES;
				CLANG_ENABLE_OBJC_ARC = YES;
				CLANG_WARN_BOOL_CONVERSION = YES;
				CLANG_WARN_CONSTANT_CONVERSION = YES;
				CLANG_WARN_DIRECT_OBJC_ISA_USAGE = YES_ERROR;
				CLANG_WARN_EMPTY_BODY = YES;
				CLANG_WARN_ENUM_CONVERSION = YES;
				CLANG_WARN_INT_CONVERSION = YES;
				CLANG_WARN_OBJC_ROOT_CLASS = YES_ERROR;
				CLANG_WARN_UNREACHABLE_CODE = YES;
				CLANG_WARN__DUPLICATE_METHOD_MATCH = YES;
				"CODE_SIGN_IDENTITY[sdk=iphoneos*]" = "iPhone Developer";
				COPY_PHASE_STRIP = NO;
				DEBUG_INFORMATION_FORMAT = "dwarf-with-dsym";
				ENABLE_NS_ASSERTIONS = NO;
				ENABLE_STRICT_OBJC_MSGSEND = YES;
				GCC_C_LANGUAGE_STANDARD = gnu99;
				GCC_NO_COMMON_BLOCKS = YES;
				GCC_WARN_64_TO_32_BIT_CONVERSION = YES;
				GCC_WARN_ABOUT_RETURN_TYPE = YES_ERROR;
				GCC_WARN_UNDECLARED_SELECTOR = YES;
				GCC_WARN_UNINITIALIZED_AUTOS = YES_AGGRESSIVE;
				GCC_WARN_UNUSED_FUNCTION = YES;
				GCC_WARN_UNUSED_VARIABLE = YES;
				IPHONEOS_DEPLOYMENT_TARGET = 8.3;
				MTL_ENABLE_DEBUG_INFO = NO;
				SDKROOT = iphoneos;
				TARGETED_DEVICE_FAMILY = "1,2";
				VALIDATE_PRODUCT = YES;
			};
			name = Release;
		};
		270E51271B053A06001CDF3C /* Debug */ = {
			isa = XCBuildConfiguration;
			buildSettings = {
				ASSETCATALOG_COMPILER_APPICON_NAME = AppIcon;
				INFOPLIST_FILE = "Time Tracker/Info.plist";
				LD_RUNPATH_SEARCH_PATHS = "$(inherited) @executable_path/Frameworks";
				PRODUCT_NAME = "$(TARGET_NAME)";
			};
			name = Debug;
		};
		270E51281B053A06001CDF3C /* Release */ = {
			isa = XCBuildConfiguration;
			buildSettings = {
				ASSETCATALOG_COMPILER_APPICON_NAME = AppIcon;
				INFOPLIST_FILE = "Time Tracker/Info.plist";
				LD_RUNPATH_SEARCH_PATHS = "$(inherited) @executable_path/Frameworks";
				PRODUCT_NAME = "$(TARGET_NAME)";
			};
			name = Release;
		};
		270E512A1B053A06001CDF3C /* Debug */ = {
			isa = XCBuildConfiguration;
			buildSettings = {
				BUNDLE_LOADER = "$(TEST_HOST)";
				FRAMEWORK_SEARCH_PATHS = (
					"$(SDKROOT)/Developer/Library/Frameworks",
					"$(inherited)",
				);
				GCC_PREPROCESSOR_DEFINITIONS = (
					"DEBUG=1",
					"$(inherited)",
				);
				INFOPLIST_FILE = "Time TrackerTests/Info.plist";
				LD_RUNPATH_SEARCH_PATHS = "$(inherited) @executable_path/Frameworks @loader_path/Frameworks";
				PRODUCT_NAME = "$(TARGET_NAME)";
				TEST_HOST = "$(BUILT_PRODUCTS_DIR)/Time Tracker.app/Time Tracker";
			};
			name = Debug;
		};
		270E512B1B053A06001CDF3C /* Release */ = {
			isa = XCBuildConfiguration;
			buildSettings = {
				BUNDLE_LOADER = "$(TEST_HOST)";
				FRAMEWORK_SEARCH_PATHS = (
					"$(SDKROOT)/Developer/Library/Frameworks",
					"$(inherited)",
				);
				INFOPLIST_FILE = "Time TrackerTests/Info.plist";
				LD_RUNPATH_SEARCH_PATHS = "$(inherited) @executable_path/Frameworks @loader_path/Frameworks";
				PRODUCT_NAME = "$(TARGET_NAME)";
				TEST_HOST = "$(BUILT_PRODUCTS_DIR)/Time Tracker.app/Time Tracker";
			};
			name = Release;
		};
/* End XCBuildConfiguration section */

/* Begin XCConfigurationList section */
		270E50FE1B053A05001CDF3C /* Build configuration list for PBXProject "Time Tracker" */ = {
			isa = XCConfigurationList;
			buildConfigurations = (
				270E51241B053A06001CDF3C /* Debug */,
				270E51251B053A06001CDF3C /* Release */,
			);
			defaultConfigurationIsVisible = 0;
			defaultConfigurationName = Release;
		};
		270E51261B053A06001CDF3C /* Build configuration list for PBXNativeTarget "Time Tracker" */ = {
			isa = XCConfigurationList;
			buildConfigurations = (
				270E51271B053A06001CDF3C /* Debug */,
				270E51281B053A06001CDF3C /* Release */,
			);
			defaultConfigurationIsVisible = 0;
			defaultConfigurationName = Release;
		};
		270E51291B053A06001CDF3C /* Build configuration list for PBXNativeTarget "Time TrackerTests" */ = {
			isa = XCConfigurationList;
			buildConfigurations = (
				270E512A1B053A06001CDF3C /* Debug */,
				270E512B1B053A06001CDF3C /* Release */,
			);
			defaultConfigurationIsVisible = 0;
			defaultConfigurationName = Release;
		};
/* End XCConfigurationList section */
	};
	rootObject = 270E50FB1B053A05001CDF3C /* Project object */;
}
